
Microsoft Visual Studio Solution File, Format Version 12.00
# Visual Studio Version 17
VisualStudioVersion = 17.7.34221.43
MinimumVisualStudioVersion = 10.0.40219.1
Project("{9A19103F-16F7-4668-BE54-9A1E7A4F7556}") = "CarWebService.DAL", "Car.DAL\CarWebService.DAL.csproj", "{2AE41946-A69A-47F9-9ABC-F75109A486FB}"
EndProject
Project("{9A19103F-16F7-4668-BE54-9A1E7A4F7556}") = "CarWebService.BLL", "Car.BLL\CarWebService.BLL.csproj", "{2DEC89EA-7CEE-49A8-A0C9-0B638FEE0474}"
EndProject
Project("{9A19103F-16F7-4668-BE54-9A1E7A4F7556}") = "CarWebService.API", "Car.Api\CarWebService.API.csproj", "{86D355FA-D246-4051-BFC7-628DD87342E7}"
EndProject
Global
	GlobalSection(SolutionConfigurationPlatforms) = preSolution
		Debug|Any CPU = Debug|Any CPU
		Release|Any CPU = Release|Any CPU
	EndGlobalSection
	GlobalSection(ProjectConfigurationPlatforms) = postSolution
		{2AE41946-A69A-47F9-9ABC-F75109A486FB}.Debug|Any CPU.ActiveCfg = Debug|Any CPU
		{2AE41946-A69A-47F9-9ABC-F75109A486FB}.Debug|Any CPU.Build.0 = Debug|Any CPU
		{2AE41946-A69A-47F9-9ABC-F75109A486FB}.Release|Any CPU.ActiveCfg = Release|Any CPU
		{2AE41946-A69A-47F9-9ABC-F75109A486FB}.Release|Any CPU.Build.0 = Release|Any CPU
		{2DEC89EA-7CEE-49A8-A0C9-0B638FEE0474}.Debug|Any CPU.ActiveCfg = Debug|Any CPU
		{2DEC89EA-7CEE-49A8-A0C9-0B638FEE0474}.Debug|Any CPU.Build.0 = Debug|Any CPU
		{2DEC89EA-7CEE-49A8-A0C9-0B638FEE0474}.Release|Any CPU.ActiveCfg = Release|Any CPU
		{2DEC89EA-7CEE-49A8-A0C9-0B638FEE0474}.Release|Any CPU.Build.0 = Release|Any CPU
		{86D355FA-D246-4051-BFC7-628DD87342E7}.Debug|Any CPU.ActiveCfg = Debug|Any CPU
		{86D355FA-D246-4051-BFC7-628DD87342E7}.Debug|Any CPU.Build.0 = Debug|Any CPU
		{86D355FA-D246-4051-BFC7-628DD87342E7}.Release|Any CPU.ActiveCfg = Release|Any CPU
		{86D355FA-D246-4051-BFC7-628DD87342E7}.Release|Any CPU.Build.0 = Release|Any CPU
	EndGlobalSection
	GlobalSection(SolutionProperties) = preSolution
		HideSolutionNode = FALSE
	EndGlobalSection
	GlobalSection(ExtensibilityGlobals) = postSolution
		SolutionGuid = {01E9D5F5-5918-4FE7-A165-A1B05A6EF448}
	EndGlobalSection
EndGlobal
